# This file is autogenerated, do not edit; changes may be undone by the next 'dep ensure'.


[[projects]]
  digest = "1:3b10c6fd33854dc41de2cf78b7bae105da94c2789b6fa5b9ac9e593ea43484ac"
  name = "github.com/Masterminds/goutils"
  packages = ["."]
  pruneopts = "T"
  revision = "41ac8693c5c10a92ea1ff5ac3a7f95646f6123b0"
  version = "v1.1.0"

[[projects]]
  digest = "1:55388fd080150b9a072912f97b1f5891eb0b50df43401f8b75fb4273d3fec9fc"
  name = "github.com/Masterminds/semver"
  packages = ["."]
  pruneopts = "T"
  revision = "c7af12943936e8c39859482e61f0574c2fd7fc75"
  version = "v1.4.2"

[[projects]]
  digest = "1:167d20f2417c3188e4f4d02a8870ac65b4d4f9fe0ac6f450873fcffa39623a37"
  name = "github.com/Masterminds/sprig"
  packages = ["."]
  pruneopts = "T"
  revision = "258b00ffa7318e8b109a141349980ffbd30a35db"
  version = "v2.20.0"

[[projects]]
  digest = "1:2cd7915ab26ede7d95b8749e6b1f933f1c6d5398030684e6505940a10f31cfda"
  name = "github.com/ghodss/yaml"
  packages = ["."]
  pruneopts = "T"
  revision = "0ca9ea5df5451ffdf184b4428c902747c2c11cd7"
  version = "v1.0.0"

[[projects]]
  digest = "1:8b49904d2ff610bb1c7414c7f976ed46450c053633274fafb61a66589da056a2"
  name = "github.com/gogo/googleapis"
  packages = ["google/rpc"]
  pruneopts = "T"
  revision = "d31c731455cb061f42baff3bda55bad0118b126b"
  version = "v1.2.0"

[[projects]]
  digest = "1:c6e109ed32d266dea072dd6d00e3ee26fb960f86ed0ba7f6a07e5d2bfdeab868"
  name = "github.com/gogo/protobuf"
  packages = [
    "gogoproto",
    "proto",
    "protoc-gen-gogo/descriptor",
    "sortkeys",
    "types",
  ]
  pruneopts = "T"
  revision = "ba06b47c162d49f2af050fb4c75bcbc86a159d5c"
  version = "v1.2.1"

[[projects]]
  branch = "master"
  digest = "1:1ba1d79f2810270045c328ae5d674321db34e3aae468eb4233883b473c5c0467"
  name = "github.com/golang/glog"
  packages = ["."]
  pruneopts = "T"
  revision = "23def4e6c14b4da8ac2ed8007337bc5eb5007998"

[[projects]]
  digest = "1:c06028bbc52478d997bbc08facb0c315aabc2295094d7bf8833756aa9aa25504"
  name = "github.com/golang/protobuf"
  packages = [
    "proto",
    "ptypes",
    "ptypes/any",
    "ptypes/duration",
    "ptypes/timestamp",
  ]
  pruneopts = "T"
  revision = "b5d812f8a3706043e23a9cd5babf2e5423744d30"
  version = "v1.3.1"

[[projects]]
  digest = "1:a6181aca1fd5e27103f9a920876f29ac72854df7345a39f3b01e61c8c94cc8af"
  name = "github.com/google/gofuzz"
  packages = ["."]
  pruneopts = "T"
  revision = "f140a6486e521aad38f5917de355cbf147cc0496"
  version = "v1.0.0"

[[projects]]
  digest = "1:582b704bebaa06b48c29b0cec224a6058a09c86883aaddabde889cd1a5f73e1b"
  name = "github.com/google/uuid"
  packages = ["."]
  pruneopts = "T"
  revision = "0cd6bf5da1e1c83f8b45653022c74f71af0538a4"
  version = "v1.1.1"

[[projects]]
  digest = "1:f9a5e090336881be43cfc1cf468330c1bdd60abdc9dd194e0b1ab69f4b94dd7c"
  name = "github.com/huandu/xstrings"
  packages = ["."]
  pruneopts = "T"
  revision = "f02667b379e2fb5916c3cda2cf31e0eb885d79f8"
  version = "v1.2.0"

[[projects]]
  digest = "1:f53ef9250fa86a357d164aa5188ff02762a6b0ee5129671ad231ed6ba986b4c5"
  name = "github.com/imdario/mergo"
  packages = ["."]
  pruneopts = "T"
  revision = "7c29201646fa3de8506f701213473dd407f19646"
  version = "v0.3.7"

[[projects]]
  digest = "1:0f775ea7a72e30d5574267692aaa9ff265aafd15214a7ae7db26bc77f2ca04dc"
  name = "github.com/spf13/pflag"
  packages = ["."]
  pruneopts = "T"
  revision = "298182f68c66c05229eb03ac171abe6e309ee79a"
  version = "v1.0.3"

[[projects]]
  branch = "master"
  digest = "1:e31be034fd6b7057f387bf33683b2a4a2468d299bc311ff45f8dc269a8ea046b"
  name = "golang.org/x/crypto"
  packages = [
    "pbkdf2",
    "scrypt",
  ]
  pruneopts = "T"
  revision = "cc06ce4a13d484c0101a9e92913248488a75786d"

[[projects]]
  branch = "master"
  digest = "1:963d2ac08e898c80cd173c1ade07cce2c6046a62f51decf5fd78faa8ccd6271d"
  name = "golang.org/x/net"
  packages = [
    "http/httpguts",
    "http2",
    "http2/hpack",
    "idna",
    "internal/timeseries",
    "trace",
  ]
  pruneopts = "T"
  revision = "3b0461eec859c4b73bb64fdc8285971fd33e3938"

[[projects]]
  branch = "master"
  digest = "1:711bffe64eaf5b7ad863b1057efd0445ff7dd4be9823312153fdeccd0a37ca29"
  name = "golang.org/x/sys"
  packages = ["unix"]
  pruneopts = "T"
  revision = "04f50cda93cbb67f2afa353c52f342100e80e625"

[[projects]]
  digest = "1:0a6103b1dc59b52f7e64a491b398b854c0fcaacde43c25ce468610a64311b72d"
  name = "golang.org/x/text"
  packages = [
    "collate",
    "collate/build",
    "internal/colltab",
    "internal/gen",
    "internal/language",
    "internal/language/compact",
    "internal/tag",
    "internal/triegen",
    "internal/ucd",
    "language",
    "secure/bidirule",
    "transform",
    "unicode/bidi",
    "unicode/cldr",
    "unicode/norm",
    "unicode/rangetable",
  ]
  pruneopts = "T"
  revision = "342b2e1fbaa52c93f31447ad2c6abc048c63e475"
  version = "v0.3.2"

[[projects]]
  branch = "master"
  digest = "1:cd527e665d02f7df728495596f772642cbe04197053eb76d1f9db0ef045ede30"
  name = "golang.org/x/tools"
  packages = [
    "go/ast/astutil",
    "go/gcexportdata",
    "go/internal/gcimporter",
    "go/internal/packagesdriver",
    "go/packages",
    "go/types/typeutil",
    "imports",
    "internal/fastwalk",
    "internal/gopathwalk",
    "internal/imports",
    "internal/module",
    "internal/semver",
  ]
  pruneopts = "T"
  revision = "94c5763a7c8445e53114d02cae1060df14079935"

[[projects]]
  branch = "master"
  digest = "1:80177f66172504b67f0c8b46ae8be70c95b81297b9359dfbbef008b4f95ca2cb"
  name = "google.golang.org/genproto"
  packages = ["googleapis/rpc/status"]
  pruneopts = "T"
  revision = "eb59cef1c072c61ea4f7623910448d5e9c6a4455"

[[projects]]
  digest = "1:9274bb8c0e5a0c0c274d35f4748997a8cad70dcdd1ec547554ed066f3073edc9"
  name = "google.golang.org/grpc"
  packages = [
    ".",
    "balancer",
    "balancer/base",
    "balancer/roundrobin",
    "binarylog/grpc_binarylog_v1",
    "codes",
    "connectivity",
    "credentials",
    "credentials/internal",
    "encoding",
    "encoding/proto",
    "grpclog",
    "internal",
    "internal/backoff",
    "internal/balancerload",
    "internal/binarylog",
    "internal/channelz",
    "internal/envconfig",
    "internal/grpcrand",
    "internal/grpcsync",
    "internal/syscall",
    "internal/transport",
    "keepalive",
    "metadata",
    "naming",
    "peer",
    "resolver",
    "resolver/dns",
    "resolver/passthrough",
    "stats",
    "status",
    "tap",
  ]
  pruneopts = "T"
  revision = "501c41df7f472c740d0674ff27122f3f48c80ce7"
  version = "v1.21.1"

[[projects]]
  digest = "1:2d1fbdc6777e5408cabeb02bf336305e724b925ff4546ded0fa8715a7267922a"
  name = "gopkg.in/inf.v0"
  packages = ["."]
  pruneopts = "T"
  revision = "d2d2541c53f18d2a059457998ce2876cc8e67cbf"
  version = "v0.9.1"

[[projects]]
  digest = "1:4d2e5a73dc1500038e504a8d78b986630e3626dc027bc030ba5c75da257cdb96"
  name = "gopkg.in/yaml.v2"
  packages = ["."]
  pruneopts = "T"
  revision = "51d6538a90f86fe93ac480b35f37b2be17fef232"
  version = "v2.2.2"

[[projects]]
  branch = "release-1.1"
  digest = "1:7516697f52ae525e519cafd1d100e43b2a75975b45c5c3a946c3535d9e64e32b"
  name = "istio.io/api"
  packages = [
    "authentication/v1alpha1",
    "mixer/v1",
    "mixer/v1/config/client",
    "networking/v1alpha3",
    "policy/v1beta1",
    "rbac/v1alpha1",
  ]
  pruneopts = "T"
  revision = "162827b552e84a48f0d9d45a8f10ea1623706663"

[[projects]]
  branch = "release-1.11"
  digest = "1:445df68e72cea7849adba2ab0299df4f7ae80a896a6ce5fd90888c91a76aa5c9"
  name = "k8s.io/apimachinery"
  packages = [
    "pkg/api/resource",
    "pkg/apis/meta/v1",
    "pkg/conversion",
    "pkg/conversion/queryparams",
    "pkg/fields",
    "pkg/labels",
    "pkg/runtime",
    "pkg/runtime/schema",
    "pkg/selection",
    "pkg/types",
    "pkg/util/errors",
    "pkg/util/intstr",
    "pkg/util/json",
    "pkg/util/net",
    "pkg/util/runtime",
    "pkg/util/sets",
    "pkg/util/validation",
    "pkg/util/validation/field",
    "pkg/util/wait",
    "pkg/watch",
    "third_party/forked/golang/reflect",
  ]
  pruneopts = "T"
  revision = "c182ff3b98419e7305cc361fd1811988591656cf"

[[projects]]
  branch = "release-1.11"
  digest = "1:7320216e50843bfc1092d20b535a20683abc967e0eba38441c85c3265da10a34"
  name = "k8s.io/code-generator"
  packages = [
    "cmd/client-gen",
    "cmd/client-gen/args",
    "cmd/client-gen/generators",
    "cmd/client-gen/generators/fake",
    "cmd/client-gen/generators/scheme",
    "cmd/client-gen/generators/util",
    "cmd/client-gen/path",
    "cmd/client-gen/types",
    "pkg/util",
  ]
  pruneopts = "T"
  revision = "f8cba74510f397bac80157a6c4ccb0ffbc31b9d0"

[[projects]]
  branch = "master"
  digest = "1:06449c9193d3d1f9375b97d1ce8a3f7a59d531c69ca34a6b0663cf3c144c2178"
  name = "k8s.io/gengo"
  packages = [
    "args",
    "generator",
    "namer",
    "parser",
    "types",
  ]
  pruneopts = "T"
  revision = "e17681d19d3ac4837a019ece36c2a0ec31ffe985"

[[projects]]
  digest = "1:d14069dfa56161d0463bf00366d9b28e37f9fe9a4d4242b96119023ead196bca"
  name = "k8s.io/klog"
  packages = ["."]
  pruneopts = "T"
  revision = "d98d8acdac006fb39831f1b25640813fef9c314f"
  version = "v0.3.3"

[solve-meta]
  analyzer-name = "dep"
  analyzer-version = 1
  input-imports = [
    "github.com/Masterminds/sprig",
    "github.com/ghodss/yaml",
    "github.com/golang/protobuf/proto",
    "istio.io/api/authentication/v1alpha1",
    "istio.io/api/mixer/v1/config/client",
    "istio.io/api/networking/v1alpha3",
    "istio.io/api/policy/v1beta1",
    "istio.io/api/rbac/v1alpha1",
    "k8s.io/apimachinery/pkg/apis/meta/v1",
    "k8s.io/apimachinery/pkg/runtime",
    "k8s.io/apimachinery/pkg/runtime/schema",
    "k8s.io/code-generator/cmd/client-gen",
  ]
  solver-name = "gps-cdcl"
  solver-version = 1
